
Microsoft Visual Studio Solution File, Format Version 12.00
# TcXaeShell Solution File, Format Version 11.00
VisualStudioVersion = 15.0.28307.1300
MinimumVisualStudioVersion = 10.0.40219.1
Project("{B1E792BE-AA5F-4E3C-8C82-674BF9C0715B}") = "SS_PPC", "SS_PPC\SS_PPC.tsproj", "{27BCA835-7918-4574-A267-8BBE3E663FD5}"
EndProject
Global
	GlobalSection(SolutionConfigurationPlatforms) = preSolution
		Debug|TwinCAT CE7 (ARMV7) = Debug|TwinCAT CE7 (ARMV7)
		Debug|TwinCAT OS (ARMT2) = Debug|TwinCAT OS (ARMT2)
		Debug|TwinCAT RT (x64) = Debug|TwinCAT RT (x64)
		Debug|TwinCAT RT (x86) = Debug|TwinCAT RT (x86)
		Release|TwinCAT CE7 (ARMV7) = Release|TwinCAT CE7 (ARMV7)
		Release|TwinCAT OS (ARMT2) = Release|TwinCAT OS (ARMT2)
		Release|TwinCAT RT (x64) = Release|TwinCAT RT (x64)
		Release|TwinCAT RT (x86) = Release|TwinCAT RT (x86)
	EndGlobalSection
	GlobalSection(ProjectConfigurationPlatforms) = postSolution
		{27BCA835-7918-4574-A267-8BBE3E663FD5}.Debug|TwinCAT CE7 (ARMV7).ActiveCfg = Debug|TwinCAT CE7 (ARMV7)
		{27BCA835-7918-4574-A267-8BBE3E663FD5}.Debug|TwinCAT CE7 (ARMV7).Build.0 = Debug|TwinCAT CE7 (ARMV7)
		{27BCA835-7918-4574-A267-8BBE3E663FD5}.Debug|TwinCAT OS (ARMT2).ActiveCfg = Debug|TwinCAT OS (ARMT2)
		{27BCA835-7918-4574-A267-8BBE3E663FD5}.Debug|TwinCAT OS (ARMT2).Build.0 = Debug|TwinCAT OS (ARMT2)
		{27BCA835-7918-4574-A267-8BBE3E663FD5}.Debug|TwinCAT RT (x64).ActiveCfg = Debug|TwinCAT RT (x64)
		{27BCA835-7918-4574-A267-8BBE3E663FD5}.Debug|TwinCAT RT (x64).Build.0 = Debug|TwinCAT RT (x64)
		{27BCA835-7918-4574-A267-8BBE3E663FD5}.Debug|TwinCAT RT (x86).ActiveCfg = Debug|TwinCAT RT (x86)
		{27BCA835-7918-4574-A267-8BBE3E663FD5}.Debug|TwinCAT RT (x86).Build.0 = Debug|TwinCAT RT (x86)
		{27BCA835-7918-4574-A267-8BBE3E663FD5}.Release|TwinCAT CE7 (ARMV7).ActiveCfg = Release|TwinCAT CE7 (ARMV7)
		{27BCA835-7918-4574-A267-8BBE3E663FD5}.Release|TwinCAT CE7 (ARMV7).Build.0 = Release|TwinCAT CE7 (ARMV7)
		{27BCA835-7918-4574-A267-8BBE3E663FD5}.Release|TwinCAT OS (ARMT2).ActiveCfg = Release|TwinCAT OS (ARMT2)
		{27BCA835-7918-4574-A267-8BBE3E663FD5}.Release|TwinCAT OS (ARMT2).Build.0 = Release|TwinCAT OS (ARMT2)
		{27BCA835-7918-4574-A267-8BBE3E663FD5}.Release|TwinCAT RT (x64).ActiveCfg = Release|TwinCAT RT (x64)
		{27BCA835-7918-4574-A267-8BBE3E663FD5}.Release|TwinCAT RT (x64).Build.0 = Release|TwinCAT RT (x64)
		{27BCA835-7918-4574-A267-8BBE3E663FD5}.Release|TwinCAT RT (x86).ActiveCfg = Release|TwinCAT RT (x86)
		{27BCA835-7918-4574-A267-8BBE3E663FD5}.Release|TwinCAT RT (x86).Build.0 = Release|TwinCAT RT (x86)
		{68A350B9-11BA-4732-8896-90A741CD2BA4}.Debug|TwinCAT CE7 (ARMV7).ActiveCfg = Debug|TwinCAT CE7 (ARMV7)
		{68A350B9-11BA-4732-8896-90A741CD2BA4}.Debug|TwinCAT CE7 (ARMV7).Build.0 = Debug|TwinCAT CE7 (ARMV7)
		{68A350B9-11BA-4732-8896-90A741CD2BA4}.Debug|TwinCAT OS (ARMT2).ActiveCfg = Debug|TwinCAT OS (ARMT2)
		{68A350B9-11BA-4732-8896-90A741CD2BA4}.Debug|TwinCAT OS (ARMT2).Build.0 = Debug|TwinCAT OS (ARMT2)
		{68A350B9-11BA-4732-8896-90A741CD2BA4}.Debug|TwinCAT RT (x64).ActiveCfg = Debug|TwinCAT RT (x64)
		{68A350B9-11BA-4732-8896-90A741CD2BA4}.Debug|TwinCAT RT (x64).Build.0 = Debug|TwinCAT RT (x64)
		{68A350B9-11BA-4732-8896-90A741CD2BA4}.Debug|TwinCAT RT (x86).ActiveCfg = Debug|TwinCAT RT (x86)
		{68A350B9-11BA-4732-8896-90A741CD2BA4}.Debug|TwinCAT RT (x86).Build.0 = Debug|TwinCAT RT (x86)
		{68A350B9-11BA-4732-8896-90A741CD2BA4}.Release|TwinCAT CE7 (ARMV7).ActiveCfg = Release|TwinCAT CE7 (ARMV7)
		{68A350B9-11BA-4732-8896-90A741CD2BA4}.Release|TwinCAT CE7 (ARMV7).Build.0 = Release|TwinCAT CE7 (ARMV7)
		{68A350B9-11BA-4732-8896-90A741CD2BA4}.Release|TwinCAT OS (ARMT2).ActiveCfg = Release|TwinCAT OS (ARMT2)
		{68A350B9-11BA-4732-8896-90A741CD2BA4}.Release|TwinCAT OS (ARMT2).Build.0 = Release|TwinCAT OS (ARMT2)
		{68A350B9-11BA-4732-8896-90A741CD2BA4}.Release|TwinCAT RT (x64).ActiveCfg = Release|TwinCAT RT (x64)
		{68A350B9-11BA-4732-8896-90A741CD2BA4}.Release|TwinCAT RT (x64).Build.0 = Release|TwinCAT RT (x64)
		{68A350B9-11BA-4732-8896-90A741CD2BA4}.Release|TwinCAT RT (x86).ActiveCfg = Release|TwinCAT RT (x86)
		{68A350B9-11BA-4732-8896-90A741CD2BA4}.Release|TwinCAT RT (x86).Build.0 = Release|TwinCAT RT (x86)
	EndGlobalSection
	GlobalSection(SolutionProperties) = preSolution
		HideSolutionNode = FALSE
	EndGlobalSection
	GlobalSection(ExtensibilityGlobals) = postSolution
		SolutionGuid = {EDF1E760-C001-4BD2-9145-544FB0E09F5D}
	EndGlobalSection
EndGlobal
